
Microsoft Visual Studio Solution File, Format Version 12.00
# Visual Studio Version 16
VisualStudioVersion = 16.0.33927.289
MinimumVisualStudioVersion = 10.0.40219.1
Project("{2150E333-8FDC-42A3-9474-1A3956D46DE8}") = "Task0", "Task0", "{5855CF92-4CF5-448D-9172-5DDBEEF75BA9}"
EndProject
Project("{FAE04EC0-301F-11D3-BF4B-00C04F79EFBC}") = "Tyuiu.MalsagovUA.Sprint0.Task0.V0", "Tyuiu.MalsagovUA.Sprint0.Task0.V0\Tyuiu.MalsagovUA.Sprint0.Task0.V0.csproj", "{0BE6D3BC-CEEE-4024-85E0-87BBD6CEE8C7}"
EndProject
Project("{2150E333-8FDC-42A3-9474-1A3956D46DE8}") = "Task1", "Task1", "{9DD5B511-F713-4BAC-8087-D492ED91A320}"
EndProject
Project("{FAE04EC0-301F-11D3-BF4B-00C04F79EFBC}") = "Tyuiu.MalsagovUA.Sprint0.Task1.V0", "Tyuiu.MalsagovUA.Sprint0.Task1.V0\Tyuiu.MalsagovUA.Sprint0.Task1.V0.csproj", "{FA95FEC5-2AF8-4BA0-A7D2-37168A6E89DD}"
EndProject
Project("{2150E333-8FDC-42A3-9474-1A3956D46DE8}") = "Task2", "Task2", "{9463D87D-2F48-41B9-8139-F3E92D717604}"
EndProject
Project("{FAE04EC0-301F-11D3-BF4B-00C04F79EFBC}") = "Tyuiu.MalsagovUA.Sprint0.Task2.V0", "Tyuiu.MalsagovUA.Sprint0.Task2.V0\Tyuiu.MalsagovUA.Sprint0.Task2.V0.csproj", "{E06844B9-9D89-4738-BCD7-D5BE38726F8B}"
EndProject
Project("{FAE04EC0-301F-11D3-BF4B-00C04F79EFBC}") = "Tyuiu.MalsagovUA.Sprint0.Task2.V0.Lib", "Tyuiu.MalsagovUA.Sprint0.Task2.V0.Lib\Tyuiu.MalsagovUA.Sprint0.Task2.V0.Lib.csproj", "{DD1A313F-3023-45DF-83EC-9041A19C04F8}"
EndProject
Project("{FAE04EC0-301F-11D3-BF4B-00C04F79EFBC}") = "Tyuiu.MalsagovUA.Sprint0.Task2.V0.Test", "Tyuiu.MalsagovUA.Sprint0.Task2.V0.Test\Tyuiu.MalsagovUA.Sprint0.Task2.V0.Test.csproj", "{194ECDE1-0139-4193-8B1B-4C66DD127D7B}"
EndProject
Project("{2150E333-8FDC-42A3-9474-1A3956D46DE8}") = "Task3", "Task3", "{93BA4249-DB30-43A5-9C30-9F41CE5E230A}"
EndProject
Project("{FAE04EC0-301F-11D3-BF4B-00C04F79EFBC}") = "Tyuiu.MalsagovUA.Sprint0.Task3.V0", "Tyuiu.MalsagovUA.Sprint0.Task3.V0\Tyuiu.MalsagovUA.Sprint0.Task3.V0.csproj", "{D06AA310-31D2-4E16-A2F9-6EA5BC61EFFF}"
EndProject
Project("{FAE04EC0-301F-11D3-BF4B-00C04F79EFBC}") = "Tyuiu.MalsagovUA.Sprint0.Task3.V0.Lib", "Tyuiu.MalsagovUA.Sprint0.Task3.V0.Lib\Tyuiu.MalsagovUA.Sprint0.Task3.V0.Lib.csproj", "{5AC5CE56-3332-4799-BC5E-D89651861B3F}"
EndProject
Project("{FAE04EC0-301F-11D3-BF4B-00C04F79EFBC}") = "Tyuiu.MalsagovUA.Sprint0.Task3.V0.Test", "Tyuiu.MalsagovUA.Sprint0.Task3.V0.Test\Tyuiu.MalsagovUA.Sprint0.Task3.V0.Test.csproj", "{1741E130-153E-418E-8363-88441A4B7B49}"
EndProject
Project("{2150E333-8FDC-42A3-9474-1A3956D46DE8}") = "Task4", "Task4", "{FF439CBE-419F-4870-93D8-7FDB9DD3C23F}"
EndProject
Project("{FAE04EC0-301F-11D3-BF4B-00C04F79EFBC}") = "Tyuiu.MalsagovUA.Sprint0.Task4.V0", "Tyuiu.MalsagovUA.Sprint0.Task4.V0\Tyuiu.MalsagovUA.Sprint0.Task4.V0.csproj", "{1194B992-46AC-40A3-8143-3843A3F635B6}"
EndProject
Project("{FAE04EC0-301F-11D3-BF4B-00C04F79EFBC}") = "Tyuiu.MalsagovUA.Sprint0.Task4.V0.Lib", "Tyuiu.MalsagovUA.Sprint0.Task4.V0.Lib\Tyuiu.MalsagovUA.Sprint0.Task4.V0.Lib.csproj", "{8A291BB5-197F-406C-9559-DE8F7A92D6DB}"
EndProject
Project("{FAE04EC0-301F-11D3-BF4B-00C04F79EFBC}") = "Tyuiu.MalsagovUA.Sprint0.Task4.V0.Test", "Tyuiu.MalsagovUA.Sprint0.Task4.V0.Test\Tyuiu.MalsagovUA.Sprint0.Task4.V0.Test.csproj", "{4C23CFF3-DFA5-4A28-BD5B-7C7B6C2BFC34}"
EndProject
Global
	GlobalSection(SolutionConfigurationPlatforms) = preSolution
		Debug|Any CPU = Debug|Any CPU
		Release|Any CPU = Release|Any CPU
	EndGlobalSection
	GlobalSection(ProjectConfigurationPlatforms) = postSolution
		{0BE6D3BC-CEEE-4024-85E0-87BBD6CEE8C7}.Debug|Any CPU.ActiveCfg = Debug|Any CPU
		{0BE6D3BC-CEEE-4024-85E0-87BBD6CEE8C7}.Debug|Any CPU.Build.0 = Debug|Any CPU
		{0BE6D3BC-CEEE-4024-85E0-87BBD6CEE8C7}.Release|Any CPU.ActiveCfg = Release|Any CPU
		{0BE6D3BC-CEEE-4024-85E0-87BBD6CEE8C7}.Release|Any CPU.Build.0 = Release|Any CPU
		{FA95FEC5-2AF8-4BA0-A7D2-37168A6E89DD}.Debug|Any CPU.ActiveCfg = Debug|Any CPU
		{FA95FEC5-2AF8-4BA0-A7D2-37168A6E89DD}.Debug|Any CPU.Build.0 = Debug|Any CPU
		{FA95FEC5-2AF8-4BA0-A7D2-37168A6E89DD}.Release|Any CPU.ActiveCfg = Release|Any CPU
		{FA95FEC5-2AF8-4BA0-A7D2-37168A6E89DD}.Release|Any CPU.Build.0 = Release|Any CPU
		{E06844B9-9D89-4738-BCD7-D5BE38726F8B}.Debug|Any CPU.ActiveCfg = Debug|Any CPU
		{E06844B9-9D89-4738-BCD7-D5BE38726F8B}.Debug|Any CPU.Build.0 = Debug|Any CPU
		{E06844B9-9D89-4738-BCD7-D5BE38726F8B}.Release|Any CPU.ActiveCfg = Release|Any CPU
		{E06844B9-9D89-4738-BCD7-D5BE38726F8B}.Release|Any CPU.Build.0 = Release|Any CPU
		{DD1A313F-3023-45DF-83EC-9041A19C04F8}.Debug|Any CPU.ActiveCfg = Debug|Any CPU
		{DD1A313F-3023-45DF-83EC-9041A19C04F8}.Debug|Any CPU.Build.0 = Debug|Any CPU
		{DD1A313F-3023-45DF-83EC-9041A19C04F8}.Release|Any CPU.ActiveCfg = Release|Any CPU
		{DD1A313F-3023-45DF-83EC-9041A19C04F8}.Release|Any CPU.Build.0 = Release|Any CPU
		{194ECDE1-0139-4193-8B1B-4C66DD127D7B}.Debug|Any CPU.ActiveCfg = Debug|Any CPU
		{194ECDE1-0139-4193-8B1B-4C66DD127D7B}.Debug|Any CPU.Build.0 = Debug|Any CPU
		{194ECDE1-0139-4193-8B1B-4C66DD127D7B}.Release|Any CPU.ActiveCfg = Release|Any CPU
		{194ECDE1-0139-4193-8B1B-4C66DD127D7B}.Release|Any CPU.Build.0 = Release|Any CPU
		{D06AA310-31D2-4E16-A2F9-6EA5BC61EFFF}.Debug|Any CPU.ActiveCfg = Debug|Any CPU
		{D06AA310-31D2-4E16-A2F9-6EA5BC61EFFF}.Debug|Any CPU.Build.0 = Debug|Any CPU
		{D06AA310-31D2-4E16-A2F9-6EA5BC61EFFF}.Release|Any CPU.ActiveCfg = Release|Any CPU
		{D06AA310-31D2-4E16-A2F9-6EA5BC61EFFF}.Release|Any CPU.Build.0 = Release|Any CPU
		{5AC5CE56-3332-4799-BC5E-D89651861B3F}.Debug|Any CPU.ActiveCfg = Debug|Any CPU
		{5AC5CE56-3332-4799-BC5E-D89651861B3F}.Debug|Any CPU.Build.0 = Debug|Any CPU
		{5AC5CE56-3332-4799-BC5E-D89651861B3F}.Release|Any CPU.ActiveCfg = Release|Any CPU
		{5AC5CE56-3332-4799-BC5E-D89651861B3F}.Release|Any CPU.Build.0 = Release|Any CPU
		{1741E130-153E-418E-8363-88441A4B7B49}.Debug|Any CPU.ActiveCfg = Debug|Any CPU
		{1741E130-153E-418E-8363-88441A4B7B49}.Debug|Any CPU.Build.0 = Debug|Any CPU
		{1741E130-153E-418E-8363-88441A4B7B49}.Release|Any CPU.ActiveCfg = Release|Any CPU
		{1741E130-153E-418E-8363-88441A4B7B49}.Release|Any CPU.Build.0 = Release|Any CPU
		{1194B992-46AC-40A3-8143-3843A3F635B6}.Debug|Any CPU.ActiveCfg = Debug|Any CPU
		{1194B992-46AC-40A3-8143-3843A3F635B6}.Debug|Any CPU.Build.0 = Debug|Any CPU
		{1194B992-46AC-40A3-8143-3843A3F635B6}.Release|Any CPU.ActiveCfg = Release|Any CPU
		{1194B992-46AC-40A3-8143-3843A3F635B6}.Release|Any CPU.Build.0 = Release|Any CPU
		{8A291BB5-197F-406C-9559-DE8F7A92D6DB}.Debug|Any CPU.ActiveCfg = Debug|Any CPU
		{8A291BB5-197F-406C-9559-DE8F7A92D6DB}.Debug|Any CPU.Build.0 = Debug|Any CPU
		{8A291BB5-197F-406C-9559-DE8F7A92D6DB}.Release|Any CPU.ActiveCfg = Release|Any CPU
		{8A291BB5-197F-406C-9559-DE8F7A92D6DB}.Release|Any CPU.Build.0 = Release|Any CPU
		{4C23CFF3-DFA5-4A28-BD5B-7C7B6C2BFC34}.Debug|Any CPU.ActiveCfg = Debug|Any CPU
		{4C23CFF3-DFA5-4A28-BD5B-7C7B6C2BFC34}.Debug|Any CPU.Build.0 = Debug|Any CPU
		{4C23CFF3-DFA5-4A28-BD5B-7C7B6C2BFC34}.Release|Any CPU.ActiveCfg = Release|Any CPU
		{4C23CFF3-DFA5-4A28-BD5B-7C7B6C2BFC34}.Release|Any CPU.Build.0 = Release|Any CPU
	EndGlobalSection
	GlobalSection(SolutionProperties) = preSolution
		HideSolutionNode = FALSE
	EndGlobalSection
	GlobalSection(NestedProjects) = preSolution
		{0BE6D3BC-CEEE-4024-85E0-87BBD6CEE8C7} = {5855CF92-4CF5-448D-9172-5DDBEEF75BA9}
		{FA95FEC5-2AF8-4BA0-A7D2-37168A6E89DD} = {9DD5B511-F713-4BAC-8087-D492ED91A320}
		{E06844B9-9D89-4738-BCD7-D5BE38726F8B} = {9463D87D-2F48-41B9-8139-F3E92D717604}
		{DD1A313F-3023-45DF-83EC-9041A19C04F8} = {9463D87D-2F48-41B9-8139-F3E92D717604}
		{194ECDE1-0139-4193-8B1B-4C66DD127D7B} = {9463D87D-2F48-41B9-8139-F3E92D717604}
		{D06AA310-31D2-4E16-A2F9-6EA5BC61EFFF} = {93BA4249-DB30-43A5-9C30-9F41CE5E230A}
		{5AC5CE56-3332-4799-BC5E-D89651861B3F} = {93BA4249-DB30-43A5-9C30-9F41CE5E230A}
		{1741E130-153E-418E-8363-88441A4B7B49} = {93BA4249-DB30-43A5-9C30-9F41CE5E230A}
		{1194B992-46AC-40A3-8143-3843A3F635B6} = {FF439CBE-419F-4870-93D8-7FDB9DD3C23F}
		{8A291BB5-197F-406C-9559-DE8F7A92D6DB} = {FF439CBE-419F-4870-93D8-7FDB9DD3C23F}
		{4C23CFF3-DFA5-4A28-BD5B-7C7B6C2BFC34} = {FF439CBE-419F-4870-93D8-7FDB9DD3C23F}
	EndGlobalSection
	GlobalSection(ExtensibilityGlobals) = postSolution
		SolutionGuid = {81DB4A5F-0391-4A4D-BA95-FBBF91A2837A}
	EndGlobalSection
EndGlobal
